
Microsoft Visual Studio Solution File, Format Version 12.00
# Visual Studio 14
VisualStudioVersion = 14.0.25420.1
MinimumVisualStudioVersion = 10.0.40219.1
Project("{FAE04EC0-301F-11D3-BF4B-00C04F79EFBC}") = "S360.GraphQL", "S360.GraphQL\S360.GraphQL.csproj", "{03F24513-F56F-4514-876C-A491B8CA2F1C}"
EndProject
Project("{FAE04EC0-301F-11D3-BF4B-00C04F79EFBC}") = "S360.GraphQL.Data", "S360.GraphQL.Data\S360.GraphQL.Data.csproj", "{B0562521-CAC1-42E5-AB63-B1E0B4541238}"
EndProject
Global
	GlobalSection(SolutionConfigurationPlatforms) = preSolution
		Debug|Any CPU = Debug|Any CPU
		Release|Any CPU = Release|Any CPU
	EndGlobalSection
	GlobalSection(ProjectConfigurationPlatforms) = postSolution
		{03F24513-F56F-4514-876C-A491B8CA2F1C}.Debug|Any CPU.ActiveCfg = Debug|Any CPU
		{03F24513-F56F-4514-876C-A491B8CA2F1C}.Debug|Any CPU.Build.0 = Debug|Any CPU
		{03F24513-F56F-4514-876C-A491B8CA2F1C}.Release|Any CPU.ActiveCfg = Release|Any CPU
		{03F24513-F56F-4514-876C-A491B8CA2F1C}.Release|Any CPU.Build.0 = Release|Any CPU
		{B0562521-CAC1-42E5-AB63-B1E0B4541238}.Debug|Any CPU.ActiveCfg = Debug|Any CPU
		{B0562521-CAC1-42E5-AB63-B1E0B4541238}.Debug|Any CPU.Build.0 = Debug|Any CPU
		{B0562521-CAC1-42E5-AB63-B1E0B4541238}.Release|Any CPU.ActiveCfg = Release|Any CPU
		{B0562521-CAC1-42E5-AB63-B1E0B4541238}.Release|Any CPU.Build.0 = Release|Any CPU
	EndGlobalSection
	GlobalSection(SolutionProperties) = preSolution
		HideSolutionNode = FALSE
	EndGlobalSection
EndGlobal
